{
    "version": 3,
    "terraform_version": "0.11.7",
    "serial": 132,
    "lineage": "6858d7ee-1151-62f1-4750-8653adf76ef4",
    "modules": [
        {
            "path": [
                "root"
            ],
            "outputs": {
                "private_ip_address_Client": {
                    "sensitive": false,
                    "type": "string",
                    "value": "10.0.2.5"
                },
                "private_ip_address_Server_1": {
                    "sensitive": false,
                    "type": "string",
                    "value": "10.0.2.6"
                },
                "private_ip_address_Server_2": {
                    "sensitive": false,
                    "type": "string",
                    "value": "10.0.2.4"
                },
                "public_ip_address_Client": {
                    "sensitive": false,
                    "type": "string",
                    "value": "157.55.211.82"
                },
                "public_ip_address_Server_1": {
                    "sensitive": false,
                    "type": "string",
                    "value": "157.55.210.138"
                },
                "public_ip_address_Server_2": {
                    "sensitive": false,
                    "type": "string",
                    "value": "157.55.210.30"
                }
            },
            "resources": {},
            "depends_on": []
        },
        {
            "path": [
                "root",
                "Consul_Servers"
            ],
            "outputs": {
                "private_ip_address_Client": {
                    "sensitive": false,
                    "type": "string",
                    "value": "10.0.2.5"
                },
                "private_ip_address_Server_1": {
                    "sensitive": false,
                    "type": "string",
                    "value": "10.0.2.6"
                },
                "private_ip_address_Server_2": {
                    "sensitive": false,
                    "type": "string",
                    "value": "10.0.2.4"
                },
                "public_ip_address_Client": {
                    "sensitive": false,
                    "type": "string",
                    "value": "157.55.211.82"
                },
                "public_ip_address_Server_1": {
                    "sensitive": false,
                    "type": "string",
                    "value": "157.55.210.138"
                },
                "public_ip_address_Server_2": {
                    "sensitive": false,
                    "type": "string",
                    "value": "157.55.210.30"
                }
            },
            "resources": {
                "azurerm_network_interface.Terraform_Demo_NI": {
                    "type": "azurerm_network_interface",
                    "depends_on": [
                        "azurerm_network_security_group.Terraform_Demo_NSG",
                        "azurerm_public_ip.Terraform_Demo_IP",
                        "azurerm_resource_group.Terraform_Demo_RG",
                        "azurerm_subnet.Terraform_Demo_SN"
                    ],
                    "primary": {
                        "id": "/subscriptions/113c4764-142e-4738-ae97-85bf6e509eb6/resourceGroups/Terraform_Demo/providers/Microsoft.Network/networkInterfaces/Terraform_Demo_NI",
                        "attributes": {
                            "applied_dns_servers.#": "0",
                            "dns_servers.#": "0",
                            "enable_accelerated_networking": "false",
                            "enable_ip_forwarding": "false",
                            "id": "/subscriptions/113c4764-142e-4738-ae97-85bf6e509eb6/resourceGroups/Terraform_Demo/providers/Microsoft.Network/networkInterfaces/Terraform_Demo_NI",
                            "internal_dns_name_label": "",
                            "internal_fqdn": "",
                            "ip_configuration.#": "1",
                            "ip_configuration.0.application_gateway_backend_address_pools_ids.#": "0",
                            "ip_configuration.0.application_security_group_ids.#": "0",
                            "ip_configuration.0.load_balancer_backend_address_pools_ids.#": "0",
                            "ip_configuration.0.load_balancer_inbound_nat_rules_ids.#": "0",
                            "ip_configuration.0.name": "Terraform-Demo-IPCONFIG",
                            "ip_configuration.0.primary": "true",
                            "ip_configuration.0.private_ip_address": "",
                            "ip_configuration.0.private_ip_address_allocation": "dynamic",
                            "ip_configuration.0.public_ip_address_id": "/subscriptions/113c4764-142e-4738-ae97-85bf6e509eb6/resourceGroups/Terraform_Demo/providers/Microsoft.Network/publicIPAddresses/TerraformDemoPublicIP",
                            "ip_configuration.0.subnet_id": "/subscriptions/113c4764-142e-4738-ae97-85bf6e509eb6/resourceGroups/Terraform_Demo/providers/Microsoft.Network/virtualNetworks/Terraform_Demo_VN/subnets/Terraform-Demo-SN",
                            "location": "northcentralus",
                            "mac_address": "",
                            "name": "Terraform_Demo_NI",
                            "network_security_group_id": "/subscriptions/113c4764-142e-4738-ae97-85bf6e509eb6/resourceGroups/Terraform_Demo/providers/Microsoft.Network/networkSecurityGroups/Terraform_Demo_NSG",
                            "private_ip_address": "10.0.2.6",
                            "private_ip_addresses.#": "1",
                            "private_ip_addresses.0": "10.0.2.6",
                            "resource_group_name": "Terraform_Demo",
                            "tags.%": "0"
                        },
                        "meta": {},
                        "tainted": false
                    },
                    "deposed": [],
                    "provider": "provider.azurerm"
                },
                "azurerm_network_interface.Terraform_Demo_NI_2": {
                    "type": "azurerm_network_interface",
                    "depends_on": [
                        "azurerm_network_security_group.Terraform_Demo_NSG",
                        "azurerm_public_ip.Terraform_Demo_IP_2",
                        "azurerm_resource_group.Terraform_Demo_RG",
                        "azurerm_subnet.Terraform_Demo_SN"
                    ],
                    "primary": {
                        "id": "/subscriptions/113c4764-142e-4738-ae97-85bf6e509eb6/resourceGroups/Terraform_Demo/providers/Microsoft.Network/networkInterfaces/Terraform_Demo_NI_2",
                        "attributes": {
                            "applied_dns_servers.#": "0",
                            "dns_servers.#": "0",
                            "enable_accelerated_networking": "false",
                            "enable_ip_forwarding": "false",
                            "id": "/subscriptions/113c4764-142e-4738-ae97-85bf6e509eb6/resourceGroups/Terraform_Demo/providers/Microsoft.Network/networkInterfaces/Terraform_Demo_NI_2",
                            "internal_dns_name_label": "",
                            "internal_fqdn": "",
                            "ip_configuration.#": "1",
                            "ip_configuration.0.application_gateway_backend_address_pools_ids.#": "0",
                            "ip_configuration.0.application_security_group_ids.#": "0",
                            "ip_configuration.0.load_balancer_backend_address_pools_ids.#": "0",
                            "ip_configuration.0.load_balancer_inbound_nat_rules_ids.#": "0",
                            "ip_configuration.0.name": "Terraform-Demo-IPCONFIG2",
                            "ip_configuration.0.primary": "true",
                            "ip_configuration.0.private_ip_address": "",
                            "ip_configuration.0.private_ip_address_allocation": "dynamic",
                            "ip_configuration.0.public_ip_address_id": "/subscriptions/113c4764-142e-4738-ae97-85bf6e509eb6/resourceGroups/Terraform_Demo/providers/Microsoft.Network/publicIPAddresses/TerraformDemoPublicIP_2",
                            "ip_configuration.0.subnet_id": "/subscriptions/113c4764-142e-4738-ae97-85bf6e509eb6/resourceGroups/Terraform_Demo/providers/Microsoft.Network/virtualNetworks/Terraform_Demo_VN/subnets/Terraform-Demo-SN",
                            "location": "northcentralus",
                            "mac_address": "",
                            "name": "Terraform_Demo_NI_2",
                            "network_security_group_id": "/subscriptions/113c4764-142e-4738-ae97-85bf6e509eb6/resourceGroups/Terraform_Demo/providers/Microsoft.Network/networkSecurityGroups/Terraform_Demo_NSG",
                            "private_ip_address": "10.0.2.4",
                            "private_ip_addresses.#": "1",
                            "private_ip_addresses.0": "10.0.2.4",
                            "resource_group_name": "Terraform_Demo",
                            "tags.%": "0"
                        },
                        "meta": {},
                        "tainted": false
                    },
                    "deposed": [],
                    "provider": "provider.azurerm"
                },
                "azurerm_network_interface.Terraform_Demo_NI_3": {
                    "type": "azurerm_network_interface",
                    "depends_on": [
                        "azurerm_network_security_group.Terraform_Demo_NSG",
                        "azurerm_public_ip.Terraform_Demo_IP_3",
                        "azurerm_resource_group.Terraform_Demo_RG",
                        "azurerm_subnet.Terraform_Demo_SN"
                    ],
                    "primary": {
                        "id": "/subscriptions/113c4764-142e-4738-ae97-85bf6e509eb6/resourceGroups/Terraform_Demo/providers/Microsoft.Network/networkInterfaces/Terraform_Demo_NI_3",
                        "attributes": {
                            "applied_dns_servers.#": "0",
                            "dns_servers.#": "0",
                            "enable_accelerated_networking": "false",
                            "enable_ip_forwarding": "false",
                            "id": "/subscriptions/113c4764-142e-4738-ae97-85bf6e509eb6/resourceGroups/Terraform_Demo/providers/Microsoft.Network/networkInterfaces/Terraform_Demo_NI_3",
                            "internal_dns_name_label": "",
                            "internal_fqdn": "",
                            "ip_configuration.#": "1",
                            "ip_configuration.0.application_gateway_backend_address_pools_ids.#": "0",
                            "ip_configuration.0.application_security_group_ids.#": "0",
                            "ip_configuration.0.load_balancer_backend_address_pools_ids.#": "0",
                            "ip_configuration.0.load_balancer_inbound_nat_rules_ids.#": "0",
                            "ip_configuration.0.name": "Terraform-Demo-IPCONFIG3",
                            "ip_configuration.0.primary": "true",
                            "ip_configuration.0.private_ip_address": "",
                            "ip_configuration.0.private_ip_address_allocation": "dynamic",
                            "ip_configuration.0.public_ip_address_id": "/subscriptions/113c4764-142e-4738-ae97-85bf6e509eb6/resourceGroups/Terraform_Demo/providers/Microsoft.Network/publicIPAddresses/TerraformDemoPublicIP_3",
                            "ip_configuration.0.subnet_id": "/subscriptions/113c4764-142e-4738-ae97-85bf6e509eb6/resourceGroups/Terraform_Demo/providers/Microsoft.Network/virtualNetworks/Terraform_Demo_VN/subnets/Terraform-Demo-SN",
                            "location": "northcentralus",
                            "mac_address": "",
                            "name": "Terraform_Demo_NI_3",
                            "network_security_group_id": "/subscriptions/113c4764-142e-4738-ae97-85bf6e509eb6/resourceGroups/Terraform_Demo/providers/Microsoft.Network/networkSecurityGroups/Terraform_Demo_NSG",
                            "private_ip_address": "10.0.2.5",
                            "private_ip_addresses.#": "1",
                            "private_ip_addresses.0": "10.0.2.5",
                            "resource_group_name": "Terraform_Demo",
                            "tags.%": "0"
                        },
                        "meta": {},
                        "tainted": false
                    },
                    "deposed": [],
                    "provider": "provider.azurerm"
                },
                "azurerm_network_security_group.Terraform_Demo_NSG": {
                    "type": "azurerm_network_security_group",
                    "depends_on": [
                        "azurerm_resource_group.Terraform_Demo_RG"
                    ],
                    "primary": {
                        "id": "/subscriptions/113c4764-142e-4738-ae97-85bf6e509eb6/resourceGroups/Terraform_Demo/providers/Microsoft.Network/networkSecurityGroups/Terraform_Demo_NSG",
                        "attributes": {
                            "id": "/subscriptions/113c4764-142e-4738-ae97-85bf6e509eb6/resourceGroups/Terraform_Demo/providers/Microsoft.Network/networkSecurityGroups/Terraform_Demo_NSG",
                            "location": "northcentralus",
                            "name": "Terraform_Demo_NSG",
                            "resource_group_name": "Terraform_Demo",
                            "security_rule.#": "3",
                            "security_rule.1510164053.access": "Allow",
                            "security_rule.1510164053.description": "",
                            "security_rule.1510164053.destination_address_prefix": "*",
                            "security_rule.1510164053.destination_address_prefixes.#": "0",
                            "security_rule.1510164053.destination_application_security_group_ids.#": "0",
                            "security_rule.1510164053.destination_port_range": "22",
                            "security_rule.1510164053.destination_port_ranges.#": "0",
                            "security_rule.1510164053.direction": "Inbound",
                            "security_rule.1510164053.name": "ssh",
                            "security_rule.1510164053.priority": "101",
                            "security_rule.1510164053.protocol": "Tcp",
                            "security_rule.1510164053.source_address_prefix": "*",
                            "security_rule.1510164053.source_address_prefixes.#": "0",
                            "security_rule.1510164053.source_application_security_group_ids.#": "0",
                            "security_rule.1510164053.source_port_range": "*",
                            "security_rule.1510164053.source_port_ranges.#": "0",
                            "security_rule.3242602006.access": "Allow",
                            "security_rule.3242602006.description": "",
                            "security_rule.3242602006.destination_address_prefix": "*",
                            "security_rule.3242602006.destination_address_prefixes.#": "0",
                            "security_rule.3242602006.destination_application_security_group_ids.#": "0",
                            "security_rule.3242602006.destination_port_range": "8500",
                            "security_rule.3242602006.destination_port_ranges.#": "0",
                            "security_rule.3242602006.direction": "Inbound",
                            "security_rule.3242602006.name": "consul1",
                            "security_rule.3242602006.priority": "103",
                            "security_rule.3242602006.protocol": "Tcp",
                            "security_rule.3242602006.source_address_prefix": "*",
                            "security_rule.3242602006.source_address_prefixes.#": "0",
                            "security_rule.3242602006.source_application_security_group_ids.#": "0",
                            "security_rule.3242602006.source_port_range": "*",
                            "security_rule.3242602006.source_port_ranges.#": "0",
                            "security_rule.63852915.access": "Allow",
                            "security_rule.63852915.description": "",
                            "security_rule.63852915.destination_address_prefix": "*",
                            "security_rule.63852915.destination_address_prefixes.#": "0",
                            "security_rule.63852915.destination_application_security_group_ids.#": "0",
                            "security_rule.63852915.destination_port_range": "8300",
                            "security_rule.63852915.destination_port_ranges.#": "0",
                            "security_rule.63852915.direction": "Inbound",
                            "security_rule.63852915.name": "consul",
                            "security_rule.63852915.priority": "102",
                            "security_rule.63852915.protocol": "Tcp",
                            "security_rule.63852915.source_address_prefix": "*",
                            "security_rule.63852915.source_address_prefixes.#": "0",
                            "security_rule.63852915.source_application_security_group_ids.#": "0",
                            "security_rule.63852915.source_port_range": "*",
                            "security_rule.63852915.source_port_ranges.#": "0",
                            "tags.%": "0"
                        },
                        "meta": {},
                        "tainted": false
                    },
                    "deposed": [],
                    "provider": "provider.azurerm"
                },
                "azurerm_public_ip.Terraform_Demo_IP": {
                    "type": "azurerm_public_ip",
                    "depends_on": [
                        "azurerm_resource_group.Terraform_Demo_RG"
                    ],
                    "primary": {
                        "id": "/subscriptions/113c4764-142e-4738-ae97-85bf6e509eb6/resourceGroups/Terraform_Demo/providers/Microsoft.Network/publicIPAddresses/TerraformDemoPublicIP",
                        "attributes": {
                            "id": "/subscriptions/113c4764-142e-4738-ae97-85bf6e509eb6/resourceGroups/Terraform_Demo/providers/Microsoft.Network/publicIPAddresses/TerraformDemoPublicIP",
                            "ip_address": "157.55.210.138",
                            "location": "northcentralus",
                            "name": "TerraformDemoPublicIP",
                            "public_ip_address_allocation": "static",
                            "resource_group_name": "Terraform_Demo",
                            "sku": "Basic",
                            "tags.%": "0",
                            "zones.#": "0"
                        },
                        "meta": {},
                        "tainted": false
                    },
                    "deposed": [],
                    "provider": "provider.azurerm"
                },
                "azurerm_public_ip.Terraform_Demo_IP_2": {
                    "type": "azurerm_public_ip",
                    "depends_on": [
                        "azurerm_resource_group.Terraform_Demo_RG"
                    ],
                    "primary": {
                        "id": "/subscriptions/113c4764-142e-4738-ae97-85bf6e509eb6/resourceGroups/Terraform_Demo/providers/Microsoft.Network/publicIPAddresses/TerraformDemoPublicIP_2",
                        "attributes": {
                            "id": "/subscriptions/113c4764-142e-4738-ae97-85bf6e509eb6/resourceGroups/Terraform_Demo/providers/Microsoft.Network/publicIPAddresses/TerraformDemoPublicIP_2",
                            "ip_address": "157.55.210.30",
                            "location": "northcentralus",
                            "name": "TerraformDemoPublicIP_2",
                            "public_ip_address_allocation": "static",
                            "resource_group_name": "Terraform_Demo",
                            "sku": "Basic",
                            "tags.%": "0",
                            "zones.#": "0"
                        },
                        "meta": {},
                        "tainted": false
                    },
                    "deposed": [],
                    "provider": "provider.azurerm"
                },
                "azurerm_public_ip.Terraform_Demo_IP_3": {
                    "type": "azurerm_public_ip",
                    "depends_on": [
                        "azurerm_resource_group.Terraform_Demo_RG"
                    ],
                    "primary": {
                        "id": "/subscriptions/113c4764-142e-4738-ae97-85bf6e509eb6/resourceGroups/Terraform_Demo/providers/Microsoft.Network/publicIPAddresses/TerraformDemoPublicIP_3",
                        "attributes": {
                            "id": "/subscriptions/113c4764-142e-4738-ae97-85bf6e509eb6/resourceGroups/Terraform_Demo/providers/Microsoft.Network/publicIPAddresses/TerraformDemoPublicIP_3",
                            "ip_address": "157.55.211.82",
                            "location": "northcentralus",
                            "name": "TerraformDemoPublicIP_3",
                            "public_ip_address_allocation": "static",
                            "resource_group_name": "Terraform_Demo",
                            "sku": "Basic",
                            "tags.%": "0",
                            "zones.#": "0"
                        },
                        "meta": {},
                        "tainted": false
                    },
                    "deposed": [],
                    "provider": "provider.azurerm"
                },
                "azurerm_resource_group.Terraform_Demo_RG": {
                    "type": "azurerm_resource_group",
                    "depends_on": [],
                    "primary": {
                        "id": "/subscriptions/113c4764-142e-4738-ae97-85bf6e509eb6/resourceGroups/Terraform_Demo",
                        "attributes": {
                            "id": "/subscriptions/113c4764-142e-4738-ae97-85bf6e509eb6/resourceGroups/Terraform_Demo",
                            "location": "northcentralus",
                            "name": "Terraform_Demo",
                            "tags.%": "0"
                        },
                        "meta": {},
                        "tainted": false
                    },
                    "deposed": [],
                    "provider": "provider.azurerm"
                },
                "azurerm_storage_account.Terraform_Demo_SA": {
                    "type": "azurerm_storage_account",
                    "depends_on": [
                        "azurerm_resource_group.Terraform_Demo_RG",
                        "random_id.randomId"
                    ],
                    "primary": {
                        "id": "/subscriptions/113c4764-142e-4738-ae97-85bf6e509eb6/resourceGroups/Terraform_Demo/providers/Microsoft.Storage/storageAccounts/diag17e136bd4b42d329",
                        "attributes": {
                            "access_tier": "",
                            "account_encryption_source": "Microsoft.Storage",
                            "account_kind": "Storage",
                            "account_replication_type": "LRS",
                            "account_tier": "Standard",
                            "account_type": "Standard_LRS",
                            "enable_blob_encryption": "true",
                            "enable_file_encryption": "true",
                            "enable_https_traffic_only": "false",
                            "id": "/subscriptions/113c4764-142e-4738-ae97-85bf6e509eb6/resourceGroups/Terraform_Demo/providers/Microsoft.Storage/storageAccounts/diag17e136bd4b42d329",
                            "identity.#": "0",
                            "location": "northcentralus",
                            "name": "diag17e136bd4b42d329",
                            "network_rules.#": "0",
                            "primary_access_key": "sb2AY1Y5dOcGP6S3O65+tSzORKQROeEixS9afceo1Jwp8ywLt3FArpH5gMhk2Pex/ZI+HMeDttuDyOhIuD4OhQ==",
                            "primary_blob_connection_string": "DefaultEndpointsProtocol=https;BlobEndpoint=https://diag17e136bd4b42d329.blob.core.windows.net/;AccountName=diag17e136bd4b42d329;AccountKey=sb2AY1Y5dOcGP6S3O65+tSzORKQROeEixS9afceo1Jwp8ywLt3FArpH5gMhk2Pex/ZI+HMeDttuDyOhIuD4OhQ==",
                            "primary_blob_endpoint": "https://diag17e136bd4b42d329.blob.core.windows.net/",
                            "primary_connection_string": "DefaultEndpointsProtocol=https;AccountName=diag17e136bd4b42d329;AccountKey=sb2AY1Y5dOcGP6S3O65+tSzORKQROeEixS9afceo1Jwp8ywLt3FArpH5gMhk2Pex/ZI+HMeDttuDyOhIuD4OhQ==;EndpointSuffix=core.windows.net",
                            "primary_file_endpoint": "https://diag17e136bd4b42d329.file.core.windows.net/",
                            "primary_location": "northcentralus",
                            "primary_queue_endpoint": "https://diag17e136bd4b42d329.queue.core.windows.net/",
                            "primary_table_endpoint": "https://diag17e136bd4b42d329.table.core.windows.net/",
                            "resource_group_name": "Terraform_Demo",
                            "secondary_access_key": "ryP3iW2zk0sW/7mmu5KSyW10M1Ft/iHDniIz8vsgeMJV7NujyZu9g42C3qxPT/Yrd2Rgra9mieprSvNaQ5gbDQ==",
                            "secondary_connection_string": "DefaultEndpointsProtocol=https;AccountName=diag17e136bd4b42d329;AccountKey=ryP3iW2zk0sW/7mmu5KSyW10M1Ft/iHDniIz8vsgeMJV7NujyZu9g42C3qxPT/Yrd2Rgra9mieprSvNaQ5gbDQ==;EndpointSuffix=core.windows.net",
                            "secondary_location": "",
                            "tags.%": "0"
                        },
                        "meta": {
                            "schema_version": "2"
                        },
                        "tainted": false
                    },
                    "deposed": [],
                    "provider": "provider.azurerm"
                },
                "azurerm_subnet.Terraform_Demo_SN": {
                    "type": "azurerm_subnet",
                    "depends_on": [
                        "azurerm_resource_group.Terraform_Demo_RG",
                        "azurerm_virtual_network.Terraform_Demo_VN"
                    ],
                    "primary": {
                        "id": "/subscriptions/113c4764-142e-4738-ae97-85bf6e509eb6/resourceGroups/Terraform_Demo/providers/Microsoft.Network/virtualNetworks/Terraform_Demo_VN/subnets/Terraform-Demo-SN",
                        "attributes": {
                            "address_prefix": "10.0.2.0/24",
                            "id": "/subscriptions/113c4764-142e-4738-ae97-85bf6e509eb6/resourceGroups/Terraform_Demo/providers/Microsoft.Network/virtualNetworks/Terraform_Demo_VN/subnets/Terraform-Demo-SN",
                            "ip_configurations.#": "0",
                            "name": "Terraform-Demo-SN",
                            "resource_group_name": "Terraform_Demo",
                            "service_endpoints.#": "0",
                            "virtual_network_name": "Terraform_Demo_VN"
                        },
                        "meta": {},
                        "tainted": false
                    },
                    "deposed": [],
                    "provider": "provider.azurerm"
                },
                "azurerm_virtual_machine.Terraform_Client": {
                    "type": "azurerm_virtual_machine",
                    "depends_on": [
                        "azurerm_network_interface.Terraform_Demo_NI_3",
                        "azurerm_resource_group.Terraform_Demo_RG",
                        "azurerm_storage_account.Terraform_Demo_SA"
                    ],
                    "primary": {
                        "id": "/subscriptions/113c4764-142e-4738-ae97-85bf6e509eb6/resourceGroups/Terraform_Demo/providers/Microsoft.Compute/virtualMachines/Consul-Client",
                        "attributes": {
                            "boot_diagnostics.#": "1",
                            "boot_diagnostics.0.enabled": "true",
                            "boot_diagnostics.0.storage_uri": "https://diag17e136bd4b42d329.blob.core.windows.net/",
                            "delete_data_disks_on_termination": "false",
                            "delete_os_disk_on_termination": "false",
                            "id": "/subscriptions/113c4764-142e-4738-ae97-85bf6e509eb6/resourceGroups/Terraform_Demo/providers/Microsoft.Compute/virtualMachines/Consul-Client",
                            "identity.#": "0",
                            "location": "northcentralus",
                            "name": "Consul-Client",
                            "network_interface_ids.#": "1",
                            "network_interface_ids.0": "/subscriptions/113c4764-142e-4738-ae97-85bf6e509eb6/resourceGroups/Terraform_Demo/providers/Microsoft.Network/networkInterfaces/Terraform_Demo_NI_3",
                            "os_profile.#": "1",
                            "os_profile.3390622684.admin_password": "",
                            "os_profile.3390622684.admin_username": "bernardogza",
                            "os_profile.3390622684.computer_name": "Demo",
                            "os_profile.3390622684.custom_data": "",
                            "os_profile_linux_config.#": "1",
                            "os_profile_linux_config.69840937.disable_password_authentication": "true",
                            "os_profile_linux_config.69840937.ssh_keys.#": "1",
                            "os_profile_linux_config.69840937.ssh_keys.0.key_data": "ssh-rsa AAAAB3NzaC1yc2EAAAADAQABAAACAQDdyuYBn2VGYvXG3V7mon6ftokuq2CxyhWZmIujBuC7dpMLQDO0W1wYSRoEzPz8hC6QLC1FxpZn6QOxD/pCrTH0uy9hilpdYXmnOFBDjy1OJPfhpKFtNjtBvCMMQpFOdSlZox4G/WpJd6hluFl9wzGZDSv352y4cfggZaIV8CBltrLlUe3nIotKIESumq6ewj/DC5GamFH1a7PRKSccjvyNBxAlgCO0MmdfM9Iq1LRXIdeY3JHGfP+WrWiokMvHkPWQi2l2ojlT5+Za6my8wqFkJrmDt8CCTr9KrItbJI7oPRYztB38WVskAyGiAccQbKawHM8vZyOjisOi/J+XS3IEFq1kI3DJVpDU8kkIxIrMjTAgRQFlf/5kJQDbwdV3lUSV1e2utU24Bqh5cPrs6ZOrnPvwfLfIUXqtzvlADaTtodH9P1qnyXE84fwLmwQ76Hf+EyUAWZCfTRrqu1dT7Jvi4h1LQOGKDwg7e0gIvFjZDOR8+swlYStC1pPivfDmKGj0lx1cKpq2ROYWMUFy8cM9NjNQ/hQ4DCbnTFdsxB0u/0GptMbIUsYNn7aeDiLN8MxbJTDzJgGVcyvebmNcHZozJKtyzGmprRUmdUPztmiE3m2Q9j1D8mSleRpK2iziANOl/3QCbsec8w/OA2UhU57LpoulkT2AhujH5pU2OekLjw== bernardo.garza@digitalonus.com",
                            "os_profile_linux_config.69840937.ssh_keys.0.path": "/home/bernardogza/.ssh/authorized_keys",
                            "os_profile_secrets.#": "0",
                            "resource_group_name": "Terraform_Demo",
                            "storage_data_disk.#": "0",
                            "storage_image_reference.#": "1",
                            "storage_image_reference.363552096.id": "",
                            "storage_image_reference.363552096.offer": "UbuntuServer",
                            "storage_image_reference.363552096.publisher": "Canonical",
                            "storage_image_reference.363552096.sku": "16.04.0-LTS",
                            "storage_image_reference.363552096.version": "latest",
                            "storage_os_disk.#": "1",
                            "storage_os_disk.0.caching": "ReadWrite",
                            "storage_os_disk.0.create_option": "FromImage",
                            "storage_os_disk.0.disk_size_gb": "30",
                            "storage_os_disk.0.image_uri": "",
                            "storage_os_disk.0.managed_disk_id": "/subscriptions/113c4764-142e-4738-ae97-85bf6e509eb6/resourceGroups/Terraform_Demo/providers/Microsoft.Compute/disks/TerrafomDemoOsDisk3",
                            "storage_os_disk.0.managed_disk_type": "Premium_LRS",
                            "storage_os_disk.0.name": "TerrafomDemoOsDisk3",
                            "storage_os_disk.0.os_type": "Linux",
                            "storage_os_disk.0.vhd_uri": "",
                            "storage_os_disk.0.write_accelerator_enabled": "false",
                            "tags.%": "0",
                            "vm_size": "Standard_DS1_v2",
                            "zones.#": "0"
                        },
                        "meta": {},
                        "tainted": false
                    },
                    "deposed": [],
                    "provider": "provider.azurerm"
                },
                "azurerm_virtual_machine.Terraform_Server": {
                    "type": "azurerm_virtual_machine",
                    "depends_on": [
                        "azurerm_network_interface.Terraform_Demo_NI",
                        "azurerm_resource_group.Terraform_Demo_RG",
                        "azurerm_storage_account.Terraform_Demo_SA"
                    ],
                    "primary": {
                        "id": "/subscriptions/113c4764-142e-4738-ae97-85bf6e509eb6/resourceGroups/Terraform_Demo/providers/Microsoft.Compute/virtualMachines/Consul-Server-1",
                        "attributes": {
                            "boot_diagnostics.#": "1",
                            "boot_diagnostics.0.enabled": "true",
                            "boot_diagnostics.0.storage_uri": "https://diag17e136bd4b42d329.blob.core.windows.net/",
                            "delete_data_disks_on_termination": "false",
                            "delete_os_disk_on_termination": "false",
                            "id": "/subscriptions/113c4764-142e-4738-ae97-85bf6e509eb6/resourceGroups/Terraform_Demo/providers/Microsoft.Compute/virtualMachines/Consul-Server-1",
                            "identity.#": "0",
                            "location": "northcentralus",
                            "name": "Consul-Server-1",
                            "network_interface_ids.#": "1",
                            "network_interface_ids.0": "/subscriptions/113c4764-142e-4738-ae97-85bf6e509eb6/resourceGroups/Terraform_Demo/providers/Microsoft.Network/networkInterfaces/Terraform_Demo_NI",
                            "os_profile.#": "1",
                            "os_profile.3390622684.admin_password": "",
                            "os_profile.3390622684.admin_username": "bernardogza",
                            "os_profile.3390622684.computer_name": "Demo",
                            "os_profile.3390622684.custom_data": "",
                            "os_profile_linux_config.#": "1",
                            "os_profile_linux_config.69840937.disable_password_authentication": "true",
                            "os_profile_linux_config.69840937.ssh_keys.#": "1",
                            "os_profile_linux_config.69840937.ssh_keys.0.key_data": "ssh-rsa AAAAB3NzaC1yc2EAAAADAQABAAACAQDdyuYBn2VGYvXG3V7mon6ftokuq2CxyhWZmIujBuC7dpMLQDO0W1wYSRoEzPz8hC6QLC1FxpZn6QOxD/pCrTH0uy9hilpdYXmnOFBDjy1OJPfhpKFtNjtBvCMMQpFOdSlZox4G/WpJd6hluFl9wzGZDSv352y4cfggZaIV8CBltrLlUe3nIotKIESumq6ewj/DC5GamFH1a7PRKSccjvyNBxAlgCO0MmdfM9Iq1LRXIdeY3JHGfP+WrWiokMvHkPWQi2l2ojlT5+Za6my8wqFkJrmDt8CCTr9KrItbJI7oPRYztB38WVskAyGiAccQbKawHM8vZyOjisOi/J+XS3IEFq1kI3DJVpDU8kkIxIrMjTAgRQFlf/5kJQDbwdV3lUSV1e2utU24Bqh5cPrs6ZOrnPvwfLfIUXqtzvlADaTtodH9P1qnyXE84fwLmwQ76Hf+EyUAWZCfTRrqu1dT7Jvi4h1LQOGKDwg7e0gIvFjZDOR8+swlYStC1pPivfDmKGj0lx1cKpq2ROYWMUFy8cM9NjNQ/hQ4DCbnTFdsxB0u/0GptMbIUsYNn7aeDiLN8MxbJTDzJgGVcyvebmNcHZozJKtyzGmprRUmdUPztmiE3m2Q9j1D8mSleRpK2iziANOl/3QCbsec8w/OA2UhU57LpoulkT2AhujH5pU2OekLjw== bernardo.garza@digitalonus.com",
                            "os_profile_linux_config.69840937.ssh_keys.0.path": "/home/bernardogza/.ssh/authorized_keys",
                            "os_profile_secrets.#": "0",
                            "resource_group_name": "Terraform_Demo",
                            "storage_data_disk.#": "0",
                            "storage_image_reference.#": "1",
                            "storage_image_reference.363552096.id": "",
                            "storage_image_reference.363552096.offer": "UbuntuServer",
                            "storage_image_reference.363552096.publisher": "Canonical",
                            "storage_image_reference.363552096.sku": "16.04.0-LTS",
                            "storage_image_reference.363552096.version": "latest",
                            "storage_os_disk.#": "1",
                            "storage_os_disk.0.caching": "ReadWrite",
                            "storage_os_disk.0.create_option": "FromImage",
                            "storage_os_disk.0.disk_size_gb": "30",
                            "storage_os_disk.0.image_uri": "",
                            "storage_os_disk.0.managed_disk_id": "/subscriptions/113c4764-142e-4738-ae97-85bf6e509eb6/resourceGroups/Terraform_Demo/providers/Microsoft.Compute/disks/TerrafomDemoOsDisk",
                            "storage_os_disk.0.managed_disk_type": "Premium_LRS",
                            "storage_os_disk.0.name": "TerrafomDemoOsDisk",
                            "storage_os_disk.0.os_type": "Linux",
                            "storage_os_disk.0.vhd_uri": "",
                            "storage_os_disk.0.write_accelerator_enabled": "false",
                            "tags.%": "0",
                            "vm_size": "Standard_DS1_v2",
                            "zones.#": "0"
                        },
                        "meta": {},
                        "tainted": false
                    },
                    "deposed": [],
                    "provider": "provider.azurerm"
                },
                "azurerm_virtual_machine.Terraform_Server_2": {
                    "type": "azurerm_virtual_machine",
                    "depends_on": [
                        "azurerm_network_interface.Terraform_Demo_NI_2",
                        "azurerm_resource_group.Terraform_Demo_RG",
                        "azurerm_storage_account.Terraform_Demo_SA"
                    ],
                    "primary": {
                        "id": "/subscriptions/113c4764-142e-4738-ae97-85bf6e509eb6/resourceGroups/Terraform_Demo/providers/Microsoft.Compute/virtualMachines/Consul-Server-2",
                        "attributes": {
                            "boot_diagnostics.#": "1",
                            "boot_diagnostics.0.enabled": "true",
                            "boot_diagnostics.0.storage_uri": "https://diag17e136bd4b42d329.blob.core.windows.net/",
                            "delete_data_disks_on_termination": "false",
                            "delete_os_disk_on_termination": "false",
                            "id": "/subscriptions/113c4764-142e-4738-ae97-85bf6e509eb6/resourceGroups/Terraform_Demo/providers/Microsoft.Compute/virtualMachines/Consul-Server-2",
                            "identity.#": "0",
                            "location": "northcentralus",
                            "name": "Consul-Server-2",
                            "network_interface_ids.#": "1",
                            "network_interface_ids.0": "/subscriptions/113c4764-142e-4738-ae97-85bf6e509eb6/resourceGroups/Terraform_Demo/providers/Microsoft.Network/networkInterfaces/Terraform_Demo_NI_2",
                            "os_profile.#": "1",
                            "os_profile.3390622684.admin_password": "",
                            "os_profile.3390622684.admin_username": "bernardogza",
                            "os_profile.3390622684.computer_name": "Demo",
                            "os_profile.3390622684.custom_data": "",
                            "os_profile_linux_config.#": "1",
                            "os_profile_linux_config.69840937.disable_password_authentication": "true",
                            "os_profile_linux_config.69840937.ssh_keys.#": "1",
                            "os_profile_linux_config.69840937.ssh_keys.0.key_data": "ssh-rsa AAAAB3NzaC1yc2EAAAADAQABAAACAQDdyuYBn2VGYvXG3V7mon6ftokuq2CxyhWZmIujBuC7dpMLQDO0W1wYSRoEzPz8hC6QLC1FxpZn6QOxD/pCrTH0uy9hilpdYXmnOFBDjy1OJPfhpKFtNjtBvCMMQpFOdSlZox4G/WpJd6hluFl9wzGZDSv352y4cfggZaIV8CBltrLlUe3nIotKIESumq6ewj/DC5GamFH1a7PRKSccjvyNBxAlgCO0MmdfM9Iq1LRXIdeY3JHGfP+WrWiokMvHkPWQi2l2ojlT5+Za6my8wqFkJrmDt8CCTr9KrItbJI7oPRYztB38WVskAyGiAccQbKawHM8vZyOjisOi/J+XS3IEFq1kI3DJVpDU8kkIxIrMjTAgRQFlf/5kJQDbwdV3lUSV1e2utU24Bqh5cPrs6ZOrnPvwfLfIUXqtzvlADaTtodH9P1qnyXE84fwLmwQ76Hf+EyUAWZCfTRrqu1dT7Jvi4h1LQOGKDwg7e0gIvFjZDOR8+swlYStC1pPivfDmKGj0lx1cKpq2ROYWMUFy8cM9NjNQ/hQ4DCbnTFdsxB0u/0GptMbIUsYNn7aeDiLN8MxbJTDzJgGVcyvebmNcHZozJKtyzGmprRUmdUPztmiE3m2Q9j1D8mSleRpK2iziANOl/3QCbsec8w/OA2UhU57LpoulkT2AhujH5pU2OekLjw== bernardo.garza@digitalonus.com",
                            "os_profile_linux_config.69840937.ssh_keys.0.path": "/home/bernardogza/.ssh/authorized_keys",
                            "os_profile_secrets.#": "0",
                            "resource_group_name": "Terraform_Demo",
                            "storage_data_disk.#": "0",
                            "storage_image_reference.#": "1",
                            "storage_image_reference.363552096.id": "",
                            "storage_image_reference.363552096.offer": "UbuntuServer",
                            "storage_image_reference.363552096.publisher": "Canonical",
                            "storage_image_reference.363552096.sku": "16.04.0-LTS",
                            "storage_image_reference.363552096.version": "latest",
                            "storage_os_disk.#": "1",
                            "storage_os_disk.0.caching": "ReadWrite",
                            "storage_os_disk.0.create_option": "FromImage",
                            "storage_os_disk.0.disk_size_gb": "30",
                            "storage_os_disk.0.image_uri": "",
                            "storage_os_disk.0.managed_disk_id": "/subscriptions/113c4764-142e-4738-ae97-85bf6e509eb6/resourceGroups/Terraform_Demo/providers/Microsoft.Compute/disks/TerrafomDemoOsDisk2",
                            "storage_os_disk.0.managed_disk_type": "Premium_LRS",
                            "storage_os_disk.0.name": "TerrafomDemoOsDisk2",
                            "storage_os_disk.0.os_type": "Linux",
                            "storage_os_disk.0.vhd_uri": "",
                            "storage_os_disk.0.write_accelerator_enabled": "false",
                            "tags.%": "0",
                            "vm_size": "Standard_DS1_v2",
                            "zones.#": "0"
                        },
                        "meta": {},
                        "tainted": false
                    },
                    "deposed": [],
                    "provider": "provider.azurerm"
                },
                "azurerm_virtual_network.Terraform_Demo_VN": {
                    "type": "azurerm_virtual_network",
                    "depends_on": [
                        "azurerm_resource_group.Terraform_Demo_RG"
                    ],
                    "primary": {
                        "id": "/subscriptions/113c4764-142e-4738-ae97-85bf6e509eb6/resourceGroups/Terraform_Demo/providers/Microsoft.Network/virtualNetworks/Terraform_Demo_VN",
                        "attributes": {
                            "address_space.#": "1",
                            "address_space.0": "10.0.0.0/16",
                            "dns_servers.#": "0",
                            "id": "/subscriptions/113c4764-142e-4738-ae97-85bf6e509eb6/resourceGroups/Terraform_Demo/providers/Microsoft.Network/virtualNetworks/Terraform_Demo_VN",
                            "location": "northcentralus",
                            "name": "Terraform_Demo_VN",
                            "resource_group_name": "Terraform_Demo",
                            "subnet.#": "0",
                            "tags.%": "0"
                        },
                        "meta": {},
                        "tainted": false
                    },
                    "deposed": [],
                    "provider": "provider.azurerm"
                },
                "random_id.randomId": {
                    "type": "random_id",
                    "depends_on": [
                        "azurerm_resource_group.Terraform_Demo_RG"
                    ],
                    "primary": {
                        "id": "F-E2vUtC0yk",
                        "attributes": {
                            "b64": "F-E2vUtC0yk",
                            "b64_std": "F+E2vUtC0yk=",
                            "b64_url": "F-E2vUtC0yk",
                            "byte_length": "8",
                            "dec": "1720716719271629609",
                            "hex": "17e136bd4b42d329",
                            "id": "F-E2vUtC0yk",
                            "keepers.%": "1",
                            "keepers.resource_group": "Terraform_Demo"
                        },
                        "meta": {},
                        "tainted": false
                    },
                    "deposed": [],
                    "provider": "provider.random"
                }
            },
            "depends_on": []
        }
    ]
}
